
Microsoft Visual Studio Solution File, Format Version 12.00
# Visual Studio Version 16
VisualStudioVersion = 16.0.31410.357
MinimumVisualStudioVersion = 10.0.40219.1
Project("{9A19103F-16F7-4668-BE54-9A1E7A4F7556}") = "InputSpinner", "InputSpinner\InputSpinner.csproj", "{C54AD278-0CB2-4458-A4C5-185C21336B7A}"
EndProject
Project("{9A19103F-16F7-4668-BE54-9A1E7A4F7556}") = "Sol_UI", "Sol_UI\Sol_UI.csproj", "{93761D97-1593-40DD-9774-21AB248FB9B7}"
EndProject
Global
	GlobalSection(SolutionConfigurationPlatforms) = preSolution
		Debug|Any CPU = Debug|Any CPU
		Release|Any CPU = Release|Any CPU
	EndGlobalSection
	GlobalSection(ProjectConfigurationPlatforms) = postSolution
		{C54AD278-0CB2-4458-A4C5-185C21336B7A}.Debug|Any CPU.ActiveCfg = Debug|Any CPU
		{C54AD278-0CB2-4458-A4C5-185C21336B7A}.Debug|Any CPU.Build.0 = Debug|Any CPU
		{C54AD278-0CB2-4458-A4C5-185C21336B7A}.Release|Any CPU.ActiveCfg = Release|Any CPU
		{C54AD278-0CB2-4458-A4C5-185C21336B7A}.Release|Any CPU.Build.0 = Release|Any CPU
		{93761D97-1593-40DD-9774-21AB248FB9B7}.Debug|Any CPU.ActiveCfg = Debug|Any CPU
		{93761D97-1593-40DD-9774-21AB248FB9B7}.Debug|Any CPU.Build.0 = Debug|Any CPU
		{93761D97-1593-40DD-9774-21AB248FB9B7}.Release|Any CPU.ActiveCfg = Release|Any CPU
		{93761D97-1593-40DD-9774-21AB248FB9B7}.Release|Any CPU.Build.0 = Release|Any CPU
	EndGlobalSection
	GlobalSection(SolutionProperties) = preSolution
		HideSolutionNode = FALSE
	EndGlobalSection
	GlobalSection(ExtensibilityGlobals) = postSolution
		SolutionGuid = {78B0D74C-50FD-4170-8D32-7C9ED17CFBA7}
	EndGlobalSection
EndGlobal
